
Microsoft Visual Studio Solution File, Format Version 12.00
# Visual Studio Version 17
VisualStudioVersion = 17.4.33205.214
MinimumVisualStudioVersion = 10.0.40219.1
Project("{FAE04EC0-301F-11D3-BF4B-00C04F79EFBC}") = "aula27.10", "aula27.10\aula27.10.csproj", "{CCE88C5B-552F-4E16-9BDB-640C8C7B5CBB}"
EndProject
Global
	GlobalSection(SolutionConfigurationPlatforms) = preSolution
		Debug|Any CPU = Debug|Any CPU
		Release|Any CPU = Release|Any CPU
	EndGlobalSection
	GlobalSection(ProjectConfigurationPlatforms) = postSolution
		{CCE88C5B-552F-4E16-9BDB-640C8C7B5CBB}.Debug|Any CPU.ActiveCfg = Debug|Any CPU
		{CCE88C5B-552F-4E16-9BDB-640C8C7B5CBB}.Debug|Any CPU.Build.0 = Debug|Any CPU
		{CCE88C5B-552F-4E16-9BDB-640C8C7B5CBB}.Release|Any CPU.ActiveCfg = Release|Any CPU
		{CCE88C5B-552F-4E16-9BDB-640C8C7B5CBB}.Release|Any CPU.Build.0 = Release|Any CPU
	EndGlobalSection
	GlobalSection(SolutionProperties) = preSolution
		HideSolutionNode = FALSE
	EndGlobalSection
	GlobalSection(ExtensibilityGlobals) = postSolution
		SolutionGuid = {CE3C38B0-BDC3-474F-85FF-ECB823C7ABA6}
	EndGlobalSection
EndGlobal
